# THIS IS AN AUTOGENERATED FILE. DO NOT EDIT THIS FILE DIRECTLY.
# yarn lockfile v1


"@stencil/core@~1.0.0":
  version "1.0.0"
  resolved "https://registry.yarnpkg.com/@stencil/core/-/core-1.0.0.tgz#60216d288b118daa88151a4a94154b549f83be3f"
  integrity sha512-Ygap25A4sqq5ihF23//BuMFigQd+SJatgqVxGsa7UgFrMLJRptJI2Ztt+yLic4oSxbHkcRL3/OrSdUkZzaystw==
  dependencies:
    typescript "3.5.1"

"@stencil/router@one":
  version "1.0.0"
  resolved "https://registry.yarnpkg.com/@stencil/router/-/router-1.0.0.tgz#f72d9af699758763f03eb26233a4838ff5af1a04"
  integrity sha512-pPUx/QIDp+59NTofqZEj9Yy0AJHjRSwwk2sc6Jre6sZBwhQyPjKKcyoZLU2XfWxtVMdYOH/frFUaTSd7eInokg==
  dependencies:
    "@stencil/state-tunnel" "^1.0.0-1"

"@stencil/sass@^0.2.3":
  version "0.2.3"
  resolved "https://registry.yarnpkg.com/@stencil/sass/-/sass-0.2.3.tgz#836d819d4c3e1182e551de12a7aac77099d9aea2"
  integrity sha512-JmS0HQVZ+TuBdk+kvNkDJPQYLjC/sc3Ionsbo7/MccdSu7JLikdQ4JOdQClDMdaMV2m4jqHjlQMpxMtOWLf7CQ==

"@stencil/state-tunnel@^1.0.0-1":
  version "1.0.0-1"
  resolved "https://registry.yarnpkg.com/@stencil/state-tunnel/-/state-tunnel-1.0.0-1.tgz#f390e90fdf56f44d3cd8a39e36a17b4346c1d8d3"
  integrity sha512-tjHVPItEFO7NRsDsa4gYbt1u4gPAF9GE1eeBW2QE3c1EmGb4+jq0SQjmPdsImVtIib+BRQ8ha1DjwVMBnrO0gQ==

classnames@^2.2.6:
  version "2.2.6"
  resolved "https://registry.yarnpkg.com/classnames/-/classnames-2.2.6.tgz#43935bffdd291f326dad0a205309b38d00f650ce"
  integrity sha512-JR/iSQOSt+LQIWwrwEzJ9uk0xfN3mTVYMwt1Ir5mUcSN6pU+V4zQFFaJsclJbPuAUQH+yfWef6tm7l1quW3C8Q==

dexie@^3.2.2:
  version "3.2.2"
  resolved "https://registry.yarnpkg.com/dexie/-/dexie-3.2.2.tgz#fa6f2a3c0d6ed0766f8d97a03720056f88fe0e01"
  integrity sha512-q5dC3HPmir2DERlX+toCBbHQXW5MsyrFqPFcovkH9N2S/UW/H3H5AWAB6iEOExeraAu+j+zRDG+zg/D7YhH0qg==

typescript@3.5.1:
  version "3.5.1"
  resolved "https://registry.yarnpkg.com/typescript/-/typescript-3.5.1.tgz#ba72a6a600b2158139c5dd8850f700e231464202"
  integrity sha512-64HkdiRv1yYZsSe4xC1WVgamNigVYjlssIoaH2HcZF0+ijsk5YK2g0G34w9wJkze8+5ow4STd22AynfO6ZYYLw==
