# THIS IS AN AUTOGENERATED FILE. DO NOT EDIT THIS FILE DIRECTLY.
# yarn lockfile v1


"@stencil/core@1.0.0-alpha.27":
  version "1.0.0-alpha.27"
  resolved "https://registry.yarnpkg.com/@stencil/core/-/core-1.0.0-alpha.27.tgz#fcef81414ac3518de9435fcb161955ab9ac6e779"
  integrity sha512-cv4fO7Wde4xF7sUHkFCLqcVTSwcmbZXDfCiZFkbgjhGprh+nNa2u+GteU5tOx9HZKbCN3HuiSaLDFQt5YINggQ==
  dependencies:
    typescript "3.4.5"

"@stencil/router@~0.3.4-2":
  version "0.3.4-2"
  resolved "https://registry.yarnpkg.com/@stencil/router/-/router-0.3.4-2.tgz#fda89ce77d5bc9b67c4bededbc1bbdcd64b1948b"
  integrity sha512-Px80Frs/m7KoQOiebz9liG4DHKhU5zGVyDWZannDJ0gfiQk5ujr7A0c+j6ZSIh+PW2QoGCsl6b7TyvutzeFaFQ==
  dependencies:
    "@stencil/state-tunnel" "^0.0.9-5"

"@stencil/sass@^0.2.1":
  version "0.2.1"
  resolved "https://registry.yarnpkg.com/@stencil/sass/-/sass-0.2.1.tgz#852cbfcce38e51be2c4ac6362a8e165e4fc7ce1e"
  integrity sha512-/yElBDP7Q/diheHr3ZRP4NAVC53qOEgUWE0mymP7R/iwdOwvrwwzfWWrNSWV+O9apE4SfRs7P9CrKXGzMKTqSg==

"@stencil/state-tunnel@^0.0.9-5":
  version "0.0.9-5"
  resolved "https://registry.yarnpkg.com/@stencil/state-tunnel/-/state-tunnel-0.0.9-5.tgz#09d3fcc69a6204d5f20a5efbbbc119af4443b56d"
  integrity sha512-LOPD9s3ZmLtFSrWJjjtv45+IZKCjdp1/EJp+fJl5btjQ2WrxQfQsQUdEkuoU4AygQ5Ly+PtX7Y3Lep8AU2zVnQ==

dexie@^2.0.4:
  version "2.0.4"
  resolved "https://registry.yarnpkg.com/dexie/-/dexie-2.0.4.tgz#6027a5e05879424e8f9979d8c14e7420f27e3a11"
  integrity sha512-aQ/s1U2wHxwBKRrt2Z/mwFNHMQWhESerFsMYzE+5P5OsIe5o1kgpFMWkzKTtkvkyyEni6mWr/T4HUJuY9xIHLA==

typescript@3.4.5:
  version "3.4.5"
  resolved "https://registry.yarnpkg.com/typescript/-/typescript-3.4.5.tgz#2d2618d10bb566572b8d7aad5180d84257d70a99"
  integrity sha512-YycBxUb49UUhdNMU5aJ7z5Ej2XGmaIBL0x34vZ82fn3hGvD+bgrMrVDpatgz2f7YxUMJxMkbWxJZeAvDxVe7Vw==
